
Microsoft Visual Studio Solution File, Format Version 12.00
# Visual Studio Version 17
VisualStudioVersion = 17.13.35931.197 d17.13
MinimumVisualStudioVersion = 10.0.40219.1
Project("{FAE04EC0-301F-11D3-BF4B-00C04F79EFBC}") = "Frontend", "Frontend\Frontend.csproj", "{EF558EB6-B663-4480-A358-A231F6886A42}"
EndProject
Global
	GlobalSection(SolutionConfigurationPlatforms) = preSolution
		Debug|Any CPU = Debug|Any CPU
		Release|Any CPU = Release|Any CPU
	EndGlobalSection
	GlobalSection(ProjectConfigurationPlatforms) = postSolution
		{EF558EB6-B663-4480-A358-A231F6886A42}.Debug|Any CPU.ActiveCfg = Debug|Any CPU
		{EF558EB6-B663-4480-A358-A231F6886A42}.Debug|Any CPU.Build.0 = Debug|Any CPU
		{EF558EB6-B663-4480-A358-A231F6886A42}.Release|Any CPU.ActiveCfg = Release|Any CPU
		{EF558EB6-B663-4480-A358-A231F6886A42}.Release|Any CPU.Build.0 = Release|Any CPU
	EndGlobalSection
	GlobalSection(SolutionProperties) = preSolution
		HideSolutionNode = FALSE
	EndGlobalSection
	GlobalSection(ExtensibilityGlobals) = postSolution
		SolutionGuid = {3FC24C47-E182-4CB1-817A-6A155449194B}
	EndGlobalSection
EndGlobal
